<?xml version="1.0" encoding="utf-8"?>
<Project ToolsVersion="4.0" xmlns="http://schemas.microsoft.com/developer/msbuild/2003">
  <ItemGroup>
    <Filter Include="源文件">
      <UniqueIdentifier>{4FC737F1-C7A5-4376-A066-2A32D752A2FF}</UniqueIdentifier>
      <Extensions>cpp;c;cc;cxx;c++;cppm;ixx;def;odl;idl;hpj;bat;asm;asmx</Extensions>
    </Filter>
    <Filter Include="头文件">
      <UniqueIdentifier>{93995380-89BD-4b04-88EB-625FBE52EBFB}</UniqueIdentifier>
      <Extensions>h;hh;hpp;hxx;h++;hm;inl;inc;ipp;xsd</Extensions>
    </Filter>
    <Filter Include="资源文件">
      <UniqueIdentifier>{67DA6AB6-F800-4c08-8B7A-83BB121AAD01}</UniqueIdentifier>
      <Extensions>rc;ico;cur;bmp;dlg;rc2;rct;bin;rgs;gif;jpg;jpeg;jpe;resx;tiff;tif;png;wav;mfcribbon-ms</Extensions>
    </Filter>
    <Filter Include="头文件\Storage_APPTask">
      <UniqueIdentifier>{dfe2238c-82ee-4ce4-b234-e75db3c6352d}</UniqueIdentifier>
    </Filter>
    <Filter Include="源文件\Storage_APPTask">
      <UniqueIdentifier>{40f770d9-b733-4850-8351-c1ab77d56900}</UniqueIdentifier>
    </Filter>
  </ItemGroup>
  <ItemGroup>
    <ClCompile Include="XEngine_StorageApp.cpp">
      <Filter>源文件</Filter>
    </ClCompile>
    <ClCompile Include="StorageApp_Config.cpp">
      <Filter>源文件</Filter>
    </ClCompile>
    <ClCompile Include="StorageApp_Download.cpp">
      <Filter>源文件</Filter>
    </ClCompile>
    <ClCompile Include="StorageApp_Network.cpp">
      <Filter>源文件</Filter>
    </ClCompile>
    <ClCompile Include="StorageApp_UPLoader.cpp">
      <Filter>源文件</Filter>
    </ClCompile>
    <ClCompile Include="StorageApp_Center.cpp">
      <Filter>源文件</Filter>
    </ClCompile>
    <ClCompile Include="Storage_APPTask\Storage_TaskPass.cpp">
      <Filter>源文件\Storage_APPTask</Filter>
    </ClCompile>
    <ClCompile Include="Storage_APPTask\Storage_TaskP2p.cpp">
      <Filter>源文件\Storage_APPTask</Filter>
    </ClCompile>
    <ClCompile Include="Storage_APPTask\Storage_TaskManage.cpp">
      <Filter>源文件\Storage_APPTask</Filter>
    </ClCompile>
    <ClCompile Include="Storage_APPTask\Storage_TaskAction.cpp">
      <Filter>源文件\Storage_APPTask</Filter>
    </ClCompile>
  </ItemGroup>
  <ItemGroup>
    <ClInclude Include="StorageApp_Config.h">
      <Filter>头文件</Filter>
    </ClInclude>
    <ClInclude Include="StorageApp_Download.h">
      <Filter>头文件</Filter>
    </ClInclude>
    <ClInclude Include="StorageApp_Hdr.h">
      <Filter>头文件</Filter>
    </ClInclude>
    <ClInclude Include="StorageApp_Network.h">
      <Filter>头文件</Filter>
    </ClInclude>
    <ClInclude Include="StorageApp_UPLoader.h">
      <Filter>头文件</Filter>
    </ClInclude>
    <ClInclude Include="StorageApp_Center.h">
      <Filter>头文件</Filter>
    </ClInclude>
    <ClInclude Include="Storage_APPTask\Storage_TaskPass.h">
      <Filter>头文件\Storage_APPTask</Filter>
    </ClInclude>
    <ClInclude Include="Storage_APPTask\Storage_TaskP2p.h">
      <Filter>头文件\Storage_APPTask</Filter>
    </ClInclude>
    <ClInclude Include="Storage_APPTask\Storage_TaskManage.h">
      <Filter>头文件\Storage_APPTask</Filter>
    </ClInclude>
    <ClInclude Include="Storage_APPTask\Storage_TaskAction.h">
      <Filter>头文件\Storage_APPTask</Filter>
    </ClInclude>
  </ItemGroup>
</Project>