<?xml version="1.0" encoding="utf-8"?>
<Project ToolsVersion="4.0" xmlns="http://schemas.microsoft.com/developer/msbuild/2003">
  <ItemGroup>
    <Filter Include="源文件">
      <UniqueIdentifier>{4FC737F1-C7A5-4376-A066-2A32D752A2FF}</UniqueIdentifier>
      <Extensions>cpp;c;cc;cxx;c++;cppm;ixx;def;odl;idl;hpj;bat;asm;asmx</Extensions>
    </Filter>
    <Filter Include="头文件">
      <UniqueIdentifier>{93995380-89BD-4b04-88EB-625FBE52EBFB}</UniqueIdentifier>
      <Extensions>h;hh;hpp;hxx;h++;hm;inl;inc;ipp;xsd</Extensions>
    </Filter>
    <Filter Include="资源文件">
      <UniqueIdentifier>{67DA6AB6-F800-4c08-8B7A-83BB121AAD01}</UniqueIdentifier>
      <Extensions>rc;ico;cur;bmp;dlg;rc2;rct;bin;rgs;gif;jpg;jpeg;jpe;resx;tiff;tif;png;wav;mfcribbon-ms</Extensions>
    </Filter>
    <Filter Include="头文件\XStorageSQL_File">
      <UniqueIdentifier>{23ba8bc1-07d0-4731-975f-61551f3e2d30}</UniqueIdentifier>
    </Filter>
    <Filter Include="源文件\XStorageSQL_File">
      <UniqueIdentifier>{b46e9df3-d213-4733-9ef0-b0322a8d8d01}</UniqueIdentifier>
    </Filter>
    <Filter Include="源文件\XStorageSQL_Info">
      <UniqueIdentifier>{dde2a437-4762-45d9-b88c-fe3a4dffdbff}</UniqueIdentifier>
    </Filter>
    <Filter Include="头文件\XStorageSQL_Info">
      <UniqueIdentifier>{34130f68-14d6-4037-9684-96b3923ad9c4}</UniqueIdentifier>
    </Filter>
    <Filter Include="头文件\XStorage_SQLite">
      <UniqueIdentifier>{f92a7d20-6347-4bf9-88a9-951d86f7c916}</UniqueIdentifier>
    </Filter>
    <Filter Include="源文件\XStorage_SQLite">
      <UniqueIdentifier>{f77185f0-e584-48c9-9d37-cd3400aaf4ee}</UniqueIdentifier>
    </Filter>
  </ItemGroup>
  <ItemGroup>
    <ClInclude Include="framework.h">
      <Filter>头文件</Filter>
    </ClInclude>
    <ClInclude Include="pch.h">
      <Filter>头文件</Filter>
    </ClInclude>
    <ClInclude Include="SQLPacket_Define.h">
      <Filter>头文件</Filter>
    </ClInclude>
    <ClInclude Include="SQLPacket_Error.h">
      <Filter>头文件</Filter>
    </ClInclude>
    <ClInclude Include="XStorageSQL_File\XStorageSQL_File.h">
      <Filter>头文件\XStorageSQL_File</Filter>
    </ClInclude>
    <ClInclude Include="XStorageSQL_Info\XStorageSQL_Info.h">
      <Filter>头文件\XStorageSQL_Info</Filter>
    </ClInclude>
    <ClInclude Include="XStorage_SQLite\XStorage_SQLite.h">
      <Filter>头文件\XStorage_SQLite</Filter>
    </ClInclude>
  </ItemGroup>
  <ItemGroup>
    <ClCompile Include="dllmain.cpp">
      <Filter>源文件</Filter>
    </ClCompile>
    <ClCompile Include="pch.cpp">
      <Filter>源文件</Filter>
    </ClCompile>
    <ClCompile Include="XStorageSQL_File\XStorageSQL_File.cpp">
      <Filter>源文件\XStorageSQL_File</Filter>
    </ClCompile>
    <ClCompile Include="XStorageSQL_Info\XStorageSQL_Info.cpp">
      <Filter>源文件\XStorageSQL_Info</Filter>
    </ClCompile>
    <ClCompile Include="XStorage_SQLite\XStorage_SQLite.cpp">
      <Filter>源文件\XStorage_SQLite</Filter>
    </ClCompile>
  </ItemGroup>
  <ItemGroup>
    <None Include="XStorage_SQLPacket.def">
      <Filter>源文件</Filter>
    </None>
  </ItemGroup>
</Project>