
Microsoft Visual Studio Solution File, Format Version 12.00
# Visual Studio Version 17
VisualStudioVersion = 17.1.32319.34
MinimumVisualStudioVersion = 10.0.40219.1
Project("{8BC9CEB8-8B4A-11D0-8D11-00A0C91BC942}") = "XEngine_StorageApp", "XEngine_StorageApp\XEngine_StorageApp.vcxproj", "{0F90944D-3817-444A-9A4D-A25362DC0AB5}"
	ProjectSection(ProjectDependencies) = postProject
		{427DADD2-908A-464E-8CC7-D7A3DC518332} = {427DADD2-908A-464E-8CC7-D7A3DC518332}
		{4BF7CA78-A1DD-4C6A-8AC7-C3AEB528115A} = {4BF7CA78-A1DD-4C6A-8AC7-C3AEB528115A}
		{782538C0-67CB-4395-83AF-439C2DD38EEB} = {782538C0-67CB-4395-83AF-439C2DD38EEB}
		{8B90FA35-1D93-4174-BF1C-926D52F0C67F} = {8B90FA35-1D93-4174-BF1C-926D52F0C67F}
		{D8C24395-605F-4C73-AA50-ABA6B7CD84D6} = {D8C24395-605F-4C73-AA50-ABA6B7CD84D6}
		{E858E3E8-8552-4AE5-A640-D6BDDC6572C5} = {E858E3E8-8552-4AE5-A640-D6BDDC6572C5}
		{F1736B3F-03A2-4FC7-B045-A12BA8D724FB} = {F1736B3F-03A2-4FC7-B045-A12BA8D724FB}
		{F6520D2C-BB8E-45BB-964B-F5D6A4318A89} = {F6520D2C-BB8E-45BB-964B-F5D6A4318A89}
		{FFBC453D-B12C-4C3F-86EA-FC569E0566E7} = {FFBC453D-B12C-4C3F-86EA-FC569E0566E7}
	EndProjectSection
EndProject
Project("{8BC9CEB8-8B4A-11D0-8D11-00A0C91BC942}") = "StorageModule_Session", "StorageModule_Session\StorageModule_Session.vcxproj", "{E858E3E8-8552-4AE5-A640-D6BDDC6572C5}"
	ProjectSection(ProjectDependencies) = postProject
		{4BF7CA78-A1DD-4C6A-8AC7-C3AEB528115A} = {4BF7CA78-A1DD-4C6A-8AC7-C3AEB528115A}
		{F1736B3F-03A2-4FC7-B045-A12BA8D724FB} = {F1736B3F-03A2-4FC7-B045-A12BA8D724FB}
	EndProjectSection
EndProject
Project("{8BC9CEB8-8B4A-11D0-8D11-00A0C91BC942}") = "StorageModule_Config", "StorageModule_Config\StorageModule_Config.vcxproj", "{782538C0-67CB-4395-83AF-439C2DD38EEB}"
	ProjectSection(ProjectDependencies) = postProject
		{4BF7CA78-A1DD-4C6A-8AC7-C3AEB528115A} = {4BF7CA78-A1DD-4C6A-8AC7-C3AEB528115A}
		{F1736B3F-03A2-4FC7-B045-A12BA8D724FB} = {F1736B3F-03A2-4FC7-B045-A12BA8D724FB}
	EndProjectSection
EndProject
Project("{8BC9CEB8-8B4A-11D0-8D11-00A0C91BC942}") = "StorageModule_APIHelp", "StorageModule_APIHelp\StorageModule_APIHelp.vcxproj", "{D8C24395-605F-4C73-AA50-ABA6B7CD84D6}"
	ProjectSection(ProjectDependencies) = postProject
		{4BF7CA78-A1DD-4C6A-8AC7-C3AEB528115A} = {4BF7CA78-A1DD-4C6A-8AC7-C3AEB528115A}
		{F1736B3F-03A2-4FC7-B045-A12BA8D724FB} = {F1736B3F-03A2-4FC7-B045-A12BA8D724FB}
	EndProjectSection
EndProject
Project("{2150E333-8FDC-42A3-9474-1A3956D46DE8}") = "XStorage_Include", "XStorage_Include", "{B8417D60-3B19-45BC-8D8B-173E24E32B35}"
	ProjectSection(SolutionItems) = preProject
		XStorage_BuildSwitch.h = XStorage_BuildSwitch.h
		XStorage_Protocol.h = XStorage_Protocol.h
	EndProjectSection
EndProject
Project("{8BC9CEB8-8B4A-11D0-8D11-00A0C91BC942}") = "StorageModule_Protocol", "StorageModule_Protocol\StorageModule_Protocol.vcxproj", "{427DADD2-908A-464E-8CC7-D7A3DC518332}"
	ProjectSection(ProjectDependencies) = postProject
		{4BF7CA78-A1DD-4C6A-8AC7-C3AEB528115A} = {4BF7CA78-A1DD-4C6A-8AC7-C3AEB528115A}
		{D8C24395-605F-4C73-AA50-ABA6B7CD84D6} = {D8C24395-605F-4C73-AA50-ABA6B7CD84D6}
		{E858E3E8-8552-4AE5-A640-D6BDDC6572C5} = {E858E3E8-8552-4AE5-A640-D6BDDC6572C5}
		{F1736B3F-03A2-4FC7-B045-A12BA8D724FB} = {F1736B3F-03A2-4FC7-B045-A12BA8D724FB}
	EndProjectSection
EndProject
Project("{8BC9CEB8-8B4A-11D0-8D11-00A0C91BC942}") = "StorageModule_Database", "StorageModule_Database\StorageModule_Database.vcxproj", "{8B90FA35-1D93-4174-BF1C-926D52F0C67F}"
	ProjectSection(ProjectDependencies) = postProject
		{4BF7CA78-A1DD-4C6A-8AC7-C3AEB528115A} = {4BF7CA78-A1DD-4C6A-8AC7-C3AEB528115A}
		{F1736B3F-03A2-4FC7-B045-A12BA8D724FB} = {F1736B3F-03A2-4FC7-B045-A12BA8D724FB}
	EndProjectSection
EndProject
Project("{8BC9CEB8-8B4A-11D0-8D11-00A0C91BC942}") = "StorageModule_BTorrent", "StorageModule_BTorrent\StorageModule_BTorrent.vcxproj", "{FFBC453D-B12C-4C3F-86EA-FC569E0566E7}"
	ProjectSection(ProjectDependencies) = postProject
		{4BF7CA78-A1DD-4C6A-8AC7-C3AEB528115A} = {4BF7CA78-A1DD-4C6A-8AC7-C3AEB528115A}
		{F1736B3F-03A2-4FC7-B045-A12BA8D724FB} = {F1736B3F-03A2-4FC7-B045-A12BA8D724FB}
	EndProjectSection
EndProject
Project("{2150E333-8FDC-42A3-9474-1A3956D46DE8}") = "XEngine_Depend", "XEngine_Depend", "{E456F23F-1E72-4ABD-AAA9-051B2F7FD728}"
EndProject
Project("{8BC9CEB8-8B4A-11D0-8D11-00A0C91BC942}") = "jsoncpp", "XEngine_Depend\XEngine_Module\jsoncpp\jsoncpp.vcxproj", "{F1736B3F-03A2-4FC7-B045-A12BA8D724FB}"
EndProject
Project("{8BC9CEB8-8B4A-11D0-8D11-00A0C91BC942}") = "XEngine_InfoReport", "XEngine_Depend\XEngine_Module\XEngine_InfoReport\XEngine_InfoReport.vcxproj", "{F6520D2C-BB8E-45BB-964B-F5D6A4318A89}"
	ProjectSection(ProjectDependencies) = postProject
		{4BF7CA78-A1DD-4C6A-8AC7-C3AEB528115A} = {4BF7CA78-A1DD-4C6A-8AC7-C3AEB528115A}
		{F1736B3F-03A2-4FC7-B045-A12BA8D724FB} = {F1736B3F-03A2-4FC7-B045-A12BA8D724FB}
	EndProjectSection
EndProject
Project("{8BC9CEB8-8B4A-11D0-8D11-00A0C91BC942}") = "tinyxml2", "XEngine_Depend\XEngine_Module\tinyxml2\tinyxml2.vcxproj", "{4BF7CA78-A1DD-4C6A-8AC7-C3AEB528115A}"
EndProject
Global
	GlobalSection(SolutionConfigurationPlatforms) = preSolution
		Debug|ARM64 = Debug|ARM64
		Debug|x64 = Debug|x64
		Debug|x86 = Debug|x86
		Release|ARM64 = Release|ARM64
		Release|x64 = Release|x64
		Release|x86 = Release|x86
	EndGlobalSection
	GlobalSection(ProjectConfigurationPlatforms) = postSolution
		{0F90944D-3817-444A-9A4D-A25362DC0AB5}.Debug|ARM64.ActiveCfg = Debug|ARM64
		{0F90944D-3817-444A-9A4D-A25362DC0AB5}.Debug|ARM64.Build.0 = Debug|ARM64
		{0F90944D-3817-444A-9A4D-A25362DC0AB5}.Debug|x64.ActiveCfg = Debug|x64
		{0F90944D-3817-444A-9A4D-A25362DC0AB5}.Debug|x64.Build.0 = Debug|x64
		{0F90944D-3817-444A-9A4D-A25362DC0AB5}.Debug|x86.ActiveCfg = Debug|Win32
		{0F90944D-3817-444A-9A4D-A25362DC0AB5}.Debug|x86.Build.0 = Debug|Win32
		{0F90944D-3817-444A-9A4D-A25362DC0AB5}.Release|ARM64.ActiveCfg = Release|ARM64
		{0F90944D-3817-444A-9A4D-A25362DC0AB5}.Release|ARM64.Build.0 = Release|ARM64
		{0F90944D-3817-444A-9A4D-A25362DC0AB5}.Release|x64.ActiveCfg = Release|x64
		{0F90944D-3817-444A-9A4D-A25362DC0AB5}.Release|x64.Build.0 = Release|x64
		{0F90944D-3817-444A-9A4D-A25362DC0AB5}.Release|x86.ActiveCfg = Release|Win32
		{0F90944D-3817-444A-9A4D-A25362DC0AB5}.Release|x86.Build.0 = Release|Win32
		{E858E3E8-8552-4AE5-A640-D6BDDC6572C5}.Debug|ARM64.ActiveCfg = Debug|ARM64
		{E858E3E8-8552-4AE5-A640-D6BDDC6572C5}.Debug|ARM64.Build.0 = Debug|ARM64
		{E858E3E8-8552-4AE5-A640-D6BDDC6572C5}.Debug|x64.ActiveCfg = Debug|x64
		{E858E3E8-8552-4AE5-A640-D6BDDC6572C5}.Debug|x64.Build.0 = Debug|x64
		{E858E3E8-8552-4AE5-A640-D6BDDC6572C5}.Debug|x86.ActiveCfg = Debug|Win32
		{E858E3E8-8552-4AE5-A640-D6BDDC6572C5}.Debug|x86.Build.0 = Debug|Win32
		{E858E3E8-8552-4AE5-A640-D6BDDC6572C5}.Release|ARM64.ActiveCfg = Release|ARM64
		{E858E3E8-8552-4AE5-A640-D6BDDC6572C5}.Release|ARM64.Build.0 = Release|ARM64
		{E858E3E8-8552-4AE5-A640-D6BDDC6572C5}.Release|x64.ActiveCfg = Release|x64
		{E858E3E8-8552-4AE5-A640-D6BDDC6572C5}.Release|x64.Build.0 = Release|x64
		{E858E3E8-8552-4AE5-A640-D6BDDC6572C5}.Release|x86.ActiveCfg = Release|Win32
		{E858E3E8-8552-4AE5-A640-D6BDDC6572C5}.Release|x86.Build.0 = Release|Win32
		{782538C0-67CB-4395-83AF-439C2DD38EEB}.Debug|ARM64.ActiveCfg = Debug|ARM64
		{782538C0-67CB-4395-83AF-439C2DD38EEB}.Debug|ARM64.Build.0 = Debug|ARM64
		{782538C0-67CB-4395-83AF-439C2DD38EEB}.Debug|x64.ActiveCfg = Debug|x64
		{782538C0-67CB-4395-83AF-439C2DD38EEB}.Debug|x64.Build.0 = Debug|x64
		{782538C0-67CB-4395-83AF-439C2DD38EEB}.Debug|x86.ActiveCfg = Debug|Win32
		{782538C0-67CB-4395-83AF-439C2DD38EEB}.Debug|x86.Build.0 = Debug|Win32
		{782538C0-67CB-4395-83AF-439C2DD38EEB}.Release|ARM64.ActiveCfg = Release|ARM64
		{782538C0-67CB-4395-83AF-439C2DD38EEB}.Release|ARM64.Build.0 = Release|ARM64
		{782538C0-67CB-4395-83AF-439C2DD38EEB}.Release|x64.ActiveCfg = Release|x64
		{782538C0-67CB-4395-83AF-439C2DD38EEB}.Release|x64.Build.0 = Release|x64
		{782538C0-67CB-4395-83AF-439C2DD38EEB}.Release|x86.ActiveCfg = Release|Win32
		{782538C0-67CB-4395-83AF-439C2DD38EEB}.Release|x86.Build.0 = Release|Win32
		{D8C24395-605F-4C73-AA50-ABA6B7CD84D6}.Debug|ARM64.ActiveCfg = Debug|ARM64
		{D8C24395-605F-4C73-AA50-ABA6B7CD84D6}.Debug|ARM64.Build.0 = Debug|ARM64
		{D8C24395-605F-4C73-AA50-ABA6B7CD84D6}.Debug|x64.ActiveCfg = Debug|x64
		{D8C24395-605F-4C73-AA50-ABA6B7CD84D6}.Debug|x64.Build.0 = Debug|x64
		{D8C24395-605F-4C73-AA50-ABA6B7CD84D6}.Debug|x86.ActiveCfg = Debug|Win32
		{D8C24395-605F-4C73-AA50-ABA6B7CD84D6}.Debug|x86.Build.0 = Debug|Win32
		{D8C24395-605F-4C73-AA50-ABA6B7CD84D6}.Release|ARM64.ActiveCfg = Release|ARM64
		{D8C24395-605F-4C73-AA50-ABA6B7CD84D6}.Release|ARM64.Build.0 = Release|ARM64
		{D8C24395-605F-4C73-AA50-ABA6B7CD84D6}.Release|x64.ActiveCfg = Release|x64
		{D8C24395-605F-4C73-AA50-ABA6B7CD84D6}.Release|x64.Build.0 = Release|x64
		{D8C24395-605F-4C73-AA50-ABA6B7CD84D6}.Release|x86.ActiveCfg = Release|Win32
		{D8C24395-605F-4C73-AA50-ABA6B7CD84D6}.Release|x86.Build.0 = Release|Win32
		{427DADD2-908A-464E-8CC7-D7A3DC518332}.Debug|ARM64.ActiveCfg = Debug|ARM64
		{427DADD2-908A-464E-8CC7-D7A3DC518332}.Debug|ARM64.Build.0 = Debug|ARM64
		{427DADD2-908A-464E-8CC7-D7A3DC518332}.Debug|x64.ActiveCfg = Debug|x64
		{427DADD2-908A-464E-8CC7-D7A3DC518332}.Debug|x64.Build.0 = Debug|x64
		{427DADD2-908A-464E-8CC7-D7A3DC518332}.Debug|x86.ActiveCfg = Debug|Win32
		{427DADD2-908A-464E-8CC7-D7A3DC518332}.Debug|x86.Build.0 = Debug|Win32
		{427DADD2-908A-464E-8CC7-D7A3DC518332}.Release|ARM64.ActiveCfg = Release|ARM64
		{427DADD2-908A-464E-8CC7-D7A3DC518332}.Release|ARM64.Build.0 = Release|ARM64
		{427DADD2-908A-464E-8CC7-D7A3DC518332}.Release|x64.ActiveCfg = Release|x64
		{427DADD2-908A-464E-8CC7-D7A3DC518332}.Release|x64.Build.0 = Release|x64
		{427DADD2-908A-464E-8CC7-D7A3DC518332}.Release|x86.ActiveCfg = Release|Win32
		{427DADD2-908A-464E-8CC7-D7A3DC518332}.Release|x86.Build.0 = Release|Win32
		{8B90FA35-1D93-4174-BF1C-926D52F0C67F}.Debug|ARM64.ActiveCfg = Debug|ARM64
		{8B90FA35-1D93-4174-BF1C-926D52F0C67F}.Debug|ARM64.Build.0 = Debug|ARM64
		{8B90FA35-1D93-4174-BF1C-926D52F0C67F}.Debug|x64.ActiveCfg = Debug|x64
		{8B90FA35-1D93-4174-BF1C-926D52F0C67F}.Debug|x64.Build.0 = Debug|x64
		{8B90FA35-1D93-4174-BF1C-926D52F0C67F}.Debug|x86.ActiveCfg = Debug|Win32
		{8B90FA35-1D93-4174-BF1C-926D52F0C67F}.Debug|x86.Build.0 = Debug|Win32
		{8B90FA35-1D93-4174-BF1C-926D52F0C67F}.Release|ARM64.ActiveCfg = Release|ARM64
		{8B90FA35-1D93-4174-BF1C-926D52F0C67F}.Release|ARM64.Build.0 = Release|ARM64
		{8B90FA35-1D93-4174-BF1C-926D52F0C67F}.Release|x64.ActiveCfg = Release|x64
		{8B90FA35-1D93-4174-BF1C-926D52F0C67F}.Release|x64.Build.0 = Release|x64
		{8B90FA35-1D93-4174-BF1C-926D52F0C67F}.Release|x86.ActiveCfg = Release|Win32
		{8B90FA35-1D93-4174-BF1C-926D52F0C67F}.Release|x86.Build.0 = Release|Win32
		{FFBC453D-B12C-4C3F-86EA-FC569E0566E7}.Debug|ARM64.ActiveCfg = Debug|ARM64
		{FFBC453D-B12C-4C3F-86EA-FC569E0566E7}.Debug|ARM64.Build.0 = Debug|ARM64
		{FFBC453D-B12C-4C3F-86EA-FC569E0566E7}.Debug|x64.ActiveCfg = Debug|x64
		{FFBC453D-B12C-4C3F-86EA-FC569E0566E7}.Debug|x64.Build.0 = Debug|x64
		{FFBC453D-B12C-4C3F-86EA-FC569E0566E7}.Debug|x86.ActiveCfg = Debug|Win32
		{FFBC453D-B12C-4C3F-86EA-FC569E0566E7}.Debug|x86.Build.0 = Debug|Win32
		{FFBC453D-B12C-4C3F-86EA-FC569E0566E7}.Release|ARM64.ActiveCfg = Release|ARM64
		{FFBC453D-B12C-4C3F-86EA-FC569E0566E7}.Release|ARM64.Build.0 = Release|ARM64
		{FFBC453D-B12C-4C3F-86EA-FC569E0566E7}.Release|x64.ActiveCfg = Release|x64
		{FFBC453D-B12C-4C3F-86EA-FC569E0566E7}.Release|x64.Build.0 = Release|x64
		{FFBC453D-B12C-4C3F-86EA-FC569E0566E7}.Release|x86.ActiveCfg = Release|Win32
		{FFBC453D-B12C-4C3F-86EA-FC569E0566E7}.Release|x86.Build.0 = Release|Win32
		{F1736B3F-03A2-4FC7-B045-A12BA8D724FB}.Debug|ARM64.ActiveCfg = Debug|ARM64
		{F1736B3F-03A2-4FC7-B045-A12BA8D724FB}.Debug|ARM64.Build.0 = Debug|ARM64
		{F1736B3F-03A2-4FC7-B045-A12BA8D724FB}.Debug|x64.ActiveCfg = Debug|x64
		{F1736B3F-03A2-4FC7-B045-A12BA8D724FB}.Debug|x64.Build.0 = Debug|x64
		{F1736B3F-03A2-4FC7-B045-A12BA8D724FB}.Debug|x86.ActiveCfg = Debug|Win32
		{F1736B3F-03A2-4FC7-B045-A12BA8D724FB}.Debug|x86.Build.0 = Debug|Win32
		{F1736B3F-03A2-4FC7-B045-A12BA8D724FB}.Release|ARM64.ActiveCfg = Release|ARM64
		{F1736B3F-03A2-4FC7-B045-A12BA8D724FB}.Release|ARM64.Build.0 = Release|ARM64
		{F1736B3F-03A2-4FC7-B045-A12BA8D724FB}.Release|x64.ActiveCfg = Release|x64
		{F1736B3F-03A2-4FC7-B045-A12BA8D724FB}.Release|x64.Build.0 = Release|x64
		{F1736B3F-03A2-4FC7-B045-A12BA8D724FB}.Release|x86.ActiveCfg = Release|Win32
		{F1736B3F-03A2-4FC7-B045-A12BA8D724FB}.Release|x86.Build.0 = Release|Win32
		{F6520D2C-BB8E-45BB-964B-F5D6A4318A89}.Debug|ARM64.ActiveCfg = Debug|ARM64
		{F6520D2C-BB8E-45BB-964B-F5D6A4318A89}.Debug|ARM64.Build.0 = Debug|ARM64
		{F6520D2C-BB8E-45BB-964B-F5D6A4318A89}.Debug|x64.ActiveCfg = Debug|x64
		{F6520D2C-BB8E-45BB-964B-F5D6A4318A89}.Debug|x64.Build.0 = Debug|x64
		{F6520D2C-BB8E-45BB-964B-F5D6A4318A89}.Debug|x86.ActiveCfg = Debug|Win32
		{F6520D2C-BB8E-45BB-964B-F5D6A4318A89}.Debug|x86.Build.0 = Debug|Win32
		{F6520D2C-BB8E-45BB-964B-F5D6A4318A89}.Release|ARM64.ActiveCfg = Release|ARM64
		{F6520D2C-BB8E-45BB-964B-F5D6A4318A89}.Release|ARM64.Build.0 = Release|ARM64
		{F6520D2C-BB8E-45BB-964B-F5D6A4318A89}.Release|x64.ActiveCfg = Release|x64
		{F6520D2C-BB8E-45BB-964B-F5D6A4318A89}.Release|x64.Build.0 = Release|x64
		{F6520D2C-BB8E-45BB-964B-F5D6A4318A89}.Release|x86.ActiveCfg = Release|Win32
		{F6520D2C-BB8E-45BB-964B-F5D6A4318A89}.Release|x86.Build.0 = Release|Win32
		{4BF7CA78-A1DD-4C6A-8AC7-C3AEB528115A}.Debug|ARM64.ActiveCfg = Debug|ARM64
		{4BF7CA78-A1DD-4C6A-8AC7-C3AEB528115A}.Debug|ARM64.Build.0 = Debug|ARM64
		{4BF7CA78-A1DD-4C6A-8AC7-C3AEB528115A}.Debug|x64.ActiveCfg = Debug|x64
		{4BF7CA78-A1DD-4C6A-8AC7-C3AEB528115A}.Debug|x64.Build.0 = Debug|x64
		{4BF7CA78-A1DD-4C6A-8AC7-C3AEB528115A}.Debug|x86.ActiveCfg = Debug|Win32
		{4BF7CA78-A1DD-4C6A-8AC7-C3AEB528115A}.Debug|x86.Build.0 = Debug|Win32
		{4BF7CA78-A1DD-4C6A-8AC7-C3AEB528115A}.Release|ARM64.ActiveCfg = Release|ARM64
		{4BF7CA78-A1DD-4C6A-8AC7-C3AEB528115A}.Release|ARM64.Build.0 = Release|ARM64
		{4BF7CA78-A1DD-4C6A-8AC7-C3AEB528115A}.Release|x64.ActiveCfg = Release|x64
		{4BF7CA78-A1DD-4C6A-8AC7-C3AEB528115A}.Release|x64.Build.0 = Release|x64
		{4BF7CA78-A1DD-4C6A-8AC7-C3AEB528115A}.Release|x86.ActiveCfg = Release|Win32
		{4BF7CA78-A1DD-4C6A-8AC7-C3AEB528115A}.Release|x86.Build.0 = Release|Win32
	EndGlobalSection
	GlobalSection(SolutionProperties) = preSolution
		HideSolutionNode = FALSE
	EndGlobalSection
	GlobalSection(NestedProjects) = preSolution
		{F1736B3F-03A2-4FC7-B045-A12BA8D724FB} = {E456F23F-1E72-4ABD-AAA9-051B2F7FD728}
		{F6520D2C-BB8E-45BB-964B-F5D6A4318A89} = {E456F23F-1E72-4ABD-AAA9-051B2F7FD728}
		{4BF7CA78-A1DD-4C6A-8AC7-C3AEB528115A} = {E456F23F-1E72-4ABD-AAA9-051B2F7FD728}
	EndGlobalSection
	GlobalSection(ExtensibilityGlobals) = postSolution
		SolutionGuid = {B1A862E2-1FE4-4F3E-B84C-3479A0B3A783}
	EndGlobalSection
EndGlobal
